{
  "name": "attnmd",
  "version": "0.4.2",
  "lockfileVersion": 3,
  "requires": true,
  "packages": {
    "": {
      "name": "attnmd",
      "version": "0.4.2",
      "hasInstallScript": true,
      "license": "MIT",
      "bin": {
        "attn": "bin/attn.js",
        "attnmd": "bin/attn.js"
      },
      "engines": {
        "node": ">=18"
      }
    }
  }
}
